// !$*UTF8*$!
{
	archiveVersion = 1;
	classes = {
	};
	objectVersion = 56;
	objects = {

/* Begin PBXBuildFile section */
		9DAF02A62B9C803300A5A23F /* AppState.swift in Sources */ = {isa = PBXBuildFile; fileRef = 9DAF02A52B9C803300A5A23F /* AppState.swift */; };
		9DAF02AA2B9CCE1600A5A23F /* Store.swift in Sources */ = {isa = PBXBuildFile; fileRef = 9DAF02A92B9CCE1500A5A23F /* Store.swift */; };
		9DEADBAF2B6B84AE00E89616 /* PointFreeApp.swift in Sources */ = {isa = PBXBuildFile; fileRef = 9DEADBAE2B6B84AE00E89616 /* PointFreeApp.swift */; };
		9DEADBB12B6B84AE00E89616 /* ContentView.swift in Sources */ = {isa = PBXBuildFile; fileRef = 9DEADBB02B6B84AE00E89616 /* ContentView.swift */; };
		9DEADBB32B6B84AF00E89616 /* Assets.xcassets in Resources */ = {isa = PBXBuildFile; fileRef = 9DEADBB22B6B84AF00E89616 /* Assets.xcassets */; };
		9DEADBB62B6B84AF00E89616 /* Preview Assets.xcassets in Resources */ = {isa = PBXBuildFile; fileRef = 9DEADBB52B6B84AF00E89616 /* Preview Assets.xcassets */; };
		9DEADBBD2B6F591900E89616 /* CounterView.swift in Sources */ = {isa = PBXBuildFile; fileRef = 9DEADBBC2B6F591900E89616 /* CounterView.swift */; };
		9DEADBC12B6F59D600E89616 /* FavoriteNumbersView.swift in Sources */ = {isa = PBXBuildFile; fileRef = 9DEADBC02B6F59D600E89616 /* FavoriteNumbersView.swift */; };
/* End PBXBuildFile section */

/* Begin PBXFileReference section */
		9DAF02A52B9C803300A5A23F /* AppState.swift */ = {isa = PBXFileReference; lastKnownFileType = sourcecode.swift; path = AppState.swift; sourceTree = "<group>"; };
		9DAF02A92B9CCE1500A5A23F /* Store.swift */ = {isa = PBXFileReference; lastKnownFileType = sourcecode.swift; path = Store.swift; sourceTree = "<group>"; };
		9DEADBAB2B6B84AE00E89616 /* PointFree.app */ = {isa = PBXFileReference; explicitFileType = wrapper.application; includeInIndex = 0; path = PointFree.app; sourceTree = BUILT_PRODUCTS_DIR; };
		9DEADBAE2B6B84AE00E89616 /* PointFreeApp.swift */ = {isa = PBXFileReference; lastKnownFileType = sourcecode.swift; path = PointFreeApp.swift; sourceTree = "<group>"; };
		9DEADBB02B6B84AE00E89616 /* ContentView.swift */ = {isa = PBXFileReference; lastKnownFileType = sourcecode.swift; path = ContentView.swift; sourceTree = "<group>"; };
		9DEADBB22B6B84AF00E89616 /* Assets.xcassets */ = {isa = PBXFileReference; lastKnownFileType = folder.assetcatalog; path = Assets.xcassets; sourceTree = "<group>"; };
		9DEADBB52B6B84AF00E89616 /* Preview Assets.xcassets */ = {isa = PBXFileReference; lastKnownFileType = folder.assetcatalog; path = "Preview Assets.xcassets"; sourceTree = "<group>"; };
		9DEADBBC2B6F591900E89616 /* CounterView.swift */ = {isa = PBXFileReference; lastKnownFileType = sourcecode.swift; path = CounterView.swift; sourceTree = "<group>"; };
		9DEADBC02B6F59D600E89616 /* FavoriteNumbersView.swift */ = {isa = PBXFileReference; lastKnownFileType = sourcecode.swift; path = FavoriteNumbersView.swift; sourceTree = "<group>"; };
		9DEADBC22B6F5A5C00E89616 /* Info.plist */ = {isa = PBXFileReference; lastKnownFileType = text.plist; path = Info.plist; sourceTree = "<group>"; };
/* End PBXFileReference section */

/* Begin PBXFrameworksBuildPhase section */
		9DEADBA82B6B84AE00E89616 /* Frameworks */ = {
			isa = PBXFrameworksBuildPhase;
			buildActionMask = 2147483647;
			files = (
			);
			runOnlyForDeploymentPostprocessing = 0;
		};
/* End PBXFrameworksBuildPhase section */

/* Begin PBXGroup section */
		9DEADBA22B6B84AE00E89616 = {
			isa = PBXGroup;
			children = (
				9DEADBAD2B6B84AE00E89616 /* PointFree */,
				9DEADBAC2B6B84AE00E89616 /* Products */,
			);
			sourceTree = "<group>";
		};
		9DEADBAC2B6B84AE00E89616 /* Products */ = {
			isa = PBXGroup;
			children = (
				9DEADBAB2B6B84AE00E89616 /* PointFree.app */,
			);
			name = Products;
			sourceTree = "<group>";
		};
		9DEADBAD2B6B84AE00E89616 /* PointFree */ = {
			isa = PBXGroup;
			children = (
				9DEADBC22B6F5A5C00E89616 /* Info.plist */,
				9DEADBAE2B6B84AE00E89616 /* PointFreeApp.swift */,
				9DEADBB02B6B84AE00E89616 /* ContentView.swift */,
				9DEADBBC2B6F591900E89616 /* CounterView.swift */,
				9DAF02A52B9C803300A5A23F /* AppState.swift */,
				9DEADBC02B6F59D600E89616 /* FavoriteNumbersView.swift */,
				9DEADBB22B6B84AF00E89616 /* Assets.xcassets */,
				9DEADBB42B6B84AF00E89616 /* Preview Content */,
				9DAF02A92B9CCE1500A5A23F /* Store.swift */,
			);
			path = PointFree;
			sourceTree = "<group>";
		};
		9DEADBB42B6B84AF00E89616 /* Preview Content */ = {
			isa = PBXGroup;
			children = (
				9DEADBB52B6B84AF00E89616 /* Preview Assets.xcassets */,
			);
			path = "Preview Content";
			sourceTree = "<group>";
		};
/* End PBXGroup section */

/* Begin PBXNativeTarget section */
		9DEADBAA2B6B84AE00E89616 /* PointFree */ = {
			isa = PBXNativeTarget;
			buildConfigurationList = 9DEADBB92B6B84AF00E89616 /* Build configuration list for PBXNativeTarget "PointFree" */;
			buildPhases = (
				9DEADBA72B6B84AE00E89616 /* Sources */,
				9DEADBA82B6B84AE00E89616 /* Frameworks */,
				9DEADBA92B6B84AE00E89616 /* Resources */,
			);
			buildRules = (
			);
			dependencies = (
			);
			name = PointFree;
			productName = PointFree;
			productReference = 9DEADBAB2B6B84AE00E89616 /* PointFree.app */;
			productType = "com.apple.product-type.application";
		};
/* End PBXNativeTarget section */

/* Begin PBXProject section */
		9DEADBA32B6B84AE00E89616 /* Project object */ = {
			isa = PBXProject;
			attributes = {
				BuildIndependentTargetsInParallel = 1;
				LastSwiftUpdateCheck = 1420;
				LastUpgradeCheck = 1420;
				TargetAttributes = {
					9DEADBAA2B6B84AE00E89616 = {
						CreatedOnToolsVersion = 14.2;
					};
				};
			};
			buildConfigurationList = 9DEADBA62B6B84AE00E89616 /* Build configuration list for PBXProject "PointFree" */;
			compatibilityVersion = "Xcode 14.0";
			developmentRegion = en;
			hasScannedForEncodings = 0;
			knownRegions = (
				en,
				Base,
			);
			mainGroup = 9DEADBA22B6B84AE00E89616;
			productRefGroup = 9DEADBAC2B6B84AE00E89616 /* Products */;
			projectDirPath = "";
			projectRoot = "";
			targets = (
				9DEADBAA2B6B84AE00E89616 /* PointFree */,
			);
		};
/* End PBXProject section */

/* Begin PBXResourcesBuildPhase section */
		9DEADBA92B6B84AE00E89616 /* Resources */ = {
			isa = PBXResourcesBuildPhase;
			buildActionMask = 2147483647;
			files = (
				9DEADBB62B6B84AF00E89616 /* Preview Assets.xcassets in Resources */,
				9DEADBB32B6B84AF00E89616 /* Assets.xcassets in Resources */,
			);
			runOnlyForDeploymentPostprocessing = 0;
		};
/* End PBXResourcesBuildPhase section */

/* Begin PBXSourcesBuildPhase section */
		9DEADBA72B6B84AE00E89616 /* Sources */ = {
			isa = PBXSourcesBuildPhase;
			buildActionMask = 2147483647;
			files = (
				9DEADBB12B6B84AE00E89616 /* ContentView.swift in Sources */,
				9DEADBC12B6F59D600E89616 /* FavoriteNumbersView.swift in Sources */,
				9DAF02A62B9C803300A5A23F /* AppState.swift in Sources */,
				9DAF02AA2B9CCE1600A5A23F /* Store.swift in Sources */,
				9DEADBAF2B6B84AE00E89616 /* PointFreeApp.swift in Sources */,
				9DEADBBD2B6F591900E89616 /* CounterView.swift in Sources */,
			);
			runOnlyForDeploymentPostprocessing = 0;
		};
/* End PBXSourcesBuildPhase section */

/* Begin XCBuildConfiguration section */
		9DEADBB72B6B84AF00E89616 /* Debug */ = {
			isa = XCBuildConfiguration;
			buildSettings = {
				ALWAYS_SEARCH_USER_PATHS = NO;
				CLANG_ANALYZER_NONNULL = YES;
				CLANG_ANALYZER_NUMBER_OBJECT_CONVERSION = YES_AGGRESSIVE;
				CLANG_CXX_LANGUAGE_STANDARD = "gnu++20";
				CLANG_ENABLE_MODULES = YES;
				CLANG_ENABLE_OBJC_ARC = YES;
				CLANG_ENABLE_OBJC_WEAK = YES;
				CLANG_WARN_BLOCK_CAPTURE_AUTORELEASING = YES;
				CLANG_WARN_BOOL_CONVERSION = YES;
				CLANG_WARN_COMMA = YES;
				CLANG_WARN_CONSTANT_CONVERSION = YES;
				CLANG_WARN_DEPRECATED_OBJC_IMPLEMENTATIONS = YES;
				CLANG_WARN_DIRECT_OBJC_ISA_USAGE = YES_ERROR;
				CLANG_WARN_DOCUMENTATION_COMMENTS = YES;
				CLANG_WARN_EMPTY_BODY = YES;
				CLANG_WARN_ENUM_CONVERSION = YES;
				CLANG_WARN_INFINITE_RECURSION = YES;
				CLANG_WARN_INT_CONVERSION = YES;
				CLANG_WARN_NON_LITERAL_NULL_CONVERSION = YES;
				CLANG_WARN_OBJC_IMPLICIT_RETAIN_SELF = YES;
				CLANG_WARN_OBJC_LITERAL_CONVERSION = YES;
				CLANG_WARN_OBJC_ROOT_CLASS = YES_ERROR;
				CLANG_WARN_QUOTED_INCLUDE_IN_FRAMEWORK_HEADER = YES;
				CLANG_WARN_RANGE_LOOP_ANALYSIS = YES;
				CLANG_WARN_STRICT_PROTOTYPES = YES;
				CLANG_WARN_SUSPICIOUS_MOVE = YES;
				CLANG_WARN_UNGUARDED_AVAILABILITY = YES_AGGRESSIVE;
				CLANG_WARN_UNREACHABLE_CODE = YES;
				CLANG_WARN__DUPLICATE_METHOD_MATCH = YES;
				COPY_PHASE_STRIP = NO;
				DEBUG_INFORMATION_FORMAT = dwarf;
				ENABLE_STRICT_OBJC_MSGSEND = YES;
				ENABLE_TESTABILITY = YES;
				GCC_C_LANGUAGE_STANDARD = gnu11;
				GCC_DYNAMIC_NO_PIC = NO;
				GCC_NO_COMMON_BLOCKS = YES;
				GCC_OPTIMIZATION_LEVEL = 0;
				GCC_PREPROCESSOR_DEFINITIONS = (
					"DEBUG=1",
					"$(inherited)",
				);
				GCC_WARN_64_TO_32_BIT_CONVERSION = YES;
				GCC_WARN_ABOUT_RETURN_TYPE = YES_ERROR;
				GCC_WARN_UNDECLARED_SELECTOR = YES;
				GCC_WARN_UNINITIALIZED_AUTOS = YES_AGGRESSIVE;
				GCC_WARN_UNUSED_FUNCTION = YES;
				GCC_WARN_UNUSED_VARIABLE = YES;
				IPHONEOS_DEPLOYMENT_TARGET = 16.2;
				MTL_ENABLE_DEBUG_INFO = INCLUDE_SOURCE;
				MTL_FAST_MATH = YES;
				ONLY_ACTIVE_ARCH = YES;
				SDKROOT = iphoneos;
				SWIFT_ACTIVE_COMPILATION_CONDITIONS = DEBUG;
				SWIFT_OPTIMIZATION_LEVEL = "-Onone";
			};
			name = Debug;
		};
		9DEADBB82B6B84AF00E89616 /* Release */ = {
			isa = XCBuildConfiguration;
			buildSettings = {
				ALWAYS_SEARCH_USER_PATHS = NO;
				CLANG_ANALYZER_NONNULL = YES;
				CLANG_ANALYZER_NUMBER_OBJECT_CONVERSION = YES_AGGRESSIVE;
				CLANG_CXX_LANGUAGE_STANDARD = "gnu++20";
				CLANG_ENABLE_MODULES = YES;
				CLANG_ENABLE_OBJC_ARC = YES;
				CLANG_ENABLE_OBJC_WEAK = YES;
				CLANG_WARN_BLOCK_CAPTURE_AUTORELEASING = YES;
				CLANG_WARN_BOOL_CONVERSION = YES;
				CLANG_WARN_COMMA = YES;
				CLANG_WARN_CONSTANT_CONVERSION = YES;
				CLANG_WARN_DEPRECATED_OBJC_IMPLEMENTATIONS = YES;
				CLANG_WARN_DIRECT_OBJC_ISA_USAGE = YES_ERROR;
				CLANG_WARN_DOCUMENTATION_COMMENTS = YES;
				CLANG_WARN_EMPTY_BODY = YES;
				CLANG_WARN_ENUM_CONVERSION = YES;
				CLANG_WARN_INFINITE_RECURSION = YES;
				CLANG_WARN_INT_CONVERSION = YES;
				CLANG_WARN_NON_LITERAL_NULL_CONVERSION = YES;
				CLANG_WARN_OBJC_IMPLICIT_RETAIN_SELF = YES;
				CLANG_WARN_OBJC_LITERAL_CONVERSION = YES;
				CLANG_WARN_OBJC_ROOT_CLASS = YES_ERROR;
				CLANG_WARN_QUOTED_INCLUDE_IN_FRAMEWORK_HEADER = YES;
				CLANG_WARN_RANGE_LOOP_ANALYSIS = YES;
				CLANG_WARN_STRICT_PROTOTYPES = YES;
				CLANG_WARN_SUSPICIOUS_MOVE = YES;
				CLANG_WARN_UNGUARDED_AVAILABILITY = YES_AGGRESSIVE;
				CLANG_WARN_UNREACHABLE_CODE = YES;
				CLANG_WARN__DUPLICATE_METHOD_MATCH = YES;
				COPY_PHASE_STRIP = NO;
				DEBUG_INFORMATION_FORMAT = "dwarf-with-dsym";
				ENABLE_NS_ASSERTIONS = NO;
				ENABLE_STRICT_OBJC_MSGSEND = YES;
				GCC_C_LANGUAGE_STANDARD = gnu11;
				GCC_NO_COMMON_BLOCKS = YES;
				GCC_WARN_64_TO_32_BIT_CONVERSION = YES;
				GCC_WARN_ABOUT_RETURN_TYPE = YES_ERROR;
				GCC_WARN_UNDECLARED_SELECTOR = YES;
				GCC_WARN_UNINITIALIZED_AUTOS = YES_AGGRESSIVE;
				GCC_WARN_UNUSED_FUNCTION = YES;
				GCC_WARN_UNUSED_VARIABLE = YES;
				IPHONEOS_DEPLOYMENT_TARGET = 16.2;
				MTL_ENABLE_DEBUG_INFO = NO;
				MTL_FAST_MATH = YES;
				SDKROOT = iphoneos;
				SWIFT_COMPILATION_MODE = wholemodule;
				SWIFT_OPTIMIZATION_LEVEL = "-O";
				VALIDATE_PRODUCT = YES;
			};
			name = Release;
		};
		9DEADBBA2B6B84AF00E89616 /* Debug */ = {
			isa = XCBuildConfiguration;
			buildSettings = {
				ASSETCATALOG_COMPILER_APPICON_NAME = AppIcon;
				ASSETCATALOG_COMPILER_GLOBAL_ACCENT_COLOR_NAME = AccentColor;
				CODE_SIGN_STYLE = Automatic;
				CURRENT_PROJECT_VERSION = 1;
				DEVELOPMENT_ASSET_PATHS = "\"PointFree/Preview Content\"";
				DEVELOPMENT_TEAM = UNAH767L53;
				ENABLE_PREVIEWS = YES;
				GENERATE_INFOPLIST_FILE = YES;
				INFOPLIST_FILE = PointFree/Info.plist;
				INFOPLIST_KEY_UIApplicationSupportsIndirectInputEvents = YES;
				INFOPLIST_KEY_UILaunchScreen_Generation = YES;
				INFOPLIST_KEY_UISupportedInterfaceOrientations_iPad = "UIInterfaceOrientationPortrait UIInterfaceOrientationPortraitUpsideDown UIInterfaceOrientationLandscapeLeft UIInterfaceOrientationLandscapeRight";
				INFOPLIST_KEY_UISupportedInterfaceOrientations_iPhone = "UIInterfaceOrientationPortrait UIInterfaceOrientationLandscapeLeft UIInterfaceOrientationLandscapeRight";
				LD_RUNPATH_SEARCH_PATHS = (
					"$(inherited)",
					"@executable_path/Frameworks",
				);
				MARKETING_VERSION = 1.0;
				PRODUCT_BUNDLE_IDENTIFIER = com.yenting.PointFree;
				PRODUCT_NAME = "$(TARGET_NAME)";
				SWIFT_EMIT_LOC_STRINGS = YES;
				SWIFT_VERSION = 5.0;
				TARGETED_DEVICE_FAMILY = "1,2";
			};
			name = Debug;
		};
		9DEADBBB2B6B84AF00E89616 /* Release */ = {
			isa = XCBuildConfiguration;
			buildSettings = {
				ASSETCATALOG_COMPILER_APPICON_NAME = AppIcon;
				ASSETCATALOG_COMPILER_GLOBAL_ACCENT_COLOR_NAME = AccentColor;
				CODE_SIGN_STYLE = Automatic;
				CURRENT_PROJECT_VERSION = 1;
				DEVELOPMENT_ASSET_PATHS = "\"PointFree/Preview Content\"";
				DEVELOPMENT_TEAM = UNAH767L53;
				ENABLE_PREVIEWS = YES;
				GENERATE_INFOPLIST_FILE = YES;
				INFOPLIST_FILE = PointFree/Info.plist;
				INFOPLIST_KEY_UIApplicationSupportsIndirectInputEvents = YES;
				INFOPLIST_KEY_UILaunchScreen_Generation = YES;
				INFOPLIST_KEY_UISupportedInterfaceOrientations_iPad = "UIInterfaceOrientationPortrait UIInterfaceOrientationPortraitUpsideDown UIInterfaceOrientationLandscapeLeft UIInterfaceOrientationLandscapeRight";
				INFOPLIST_KEY_UISupportedInterfaceOrientations_iPhone = "UIInterfaceOrientationPortrait UIInterfaceOrientationLandscapeLeft UIInterfaceOrientationLandscapeRight";
				LD_RUNPATH_SEARCH_PATHS = (
					"$(inherited)",
					"@executable_path/Frameworks",
				);
				MARKETING_VERSION = 1.0;
				PRODUCT_BUNDLE_IDENTIFIER = com.yenting.PointFree;
				PRODUCT_NAME = "$(TARGET_NAME)";
				SWIFT_EMIT_LOC_STRINGS = YES;
				SWIFT_VERSION = 5.0;
				TARGETED_DEVICE_FAMILY = "1,2";
			};
			name = Release;
		};
/* End XCBuildConfiguration section */

/* Begin XCConfigurationList section */
		9DEADBA62B6B84AE00E89616 /* Build configuration list for PBXProject "PointFree" */ = {
			isa = XCConfigurationList;
			buildConfigurations = (
				9DEADBB72B6B84AF00E89616 /* Debug */,
				9DEADBB82B6B84AF00E89616 /* Release */,
			);
			defaultConfigurationIsVisible = 0;
			defaultConfigurationName = Release;
		};
		9DEADBB92B6B84AF00E89616 /* Build configuration list for PBXNativeTarget "PointFree" */ = {
			isa = XCConfigurationList;
			buildConfigurations = (
				9DEADBBA2B6B84AF00E89616 /* Debug */,
				9DEADBBB2B6B84AF00E89616 /* Release */,
			);
			defaultConfigurationIsVisible = 0;
			defaultConfigurationName = Release;
		};
/* End XCConfigurationList section */
	};
	rootObject = 9DEADBA32B6B84AE00E89616 /* Project object */;
}
